
Microsoft Visual Studio Solution File, Format Version 12.00
# Visual Studio Version 17
VisualStudioVersion = 17.10.35013.160
MinimumVisualStudioVersion = 10.0.40219.1
Project("{FAE04EC0-301F-11D3-BF4B-00C04F79EFBC}") = "CoffeeShop", "CoffeeShop\CoffeeShop.csproj", "{792BF2BF-FEEB-4528-9912-7134B5B49627}"
EndProject
Project("{FAE04EC0-301F-11D3-BF4B-00C04F79EFBC}") = "CoffeeShop.Backend", "CoffeeShop.Backend\CoffeeShop.Backend.csproj", "{1C589CCF-6FC5-47FD-A01F-7251F5CAF7F5}"
EndProject
Project("{FAE04EC0-301F-11D3-BF4B-00C04F79EFBC}") = "Storage.Site", "Storage.Site\Storage.Site.csproj", "{38030276-24C8-48E8-B728-2DACEF06EFFA}"
EndProject
Global
	GlobalSection(SolutionConfigurationPlatforms) = preSolution
		Debug|Any CPU = Debug|Any CPU
		Release|Any CPU = Release|Any CPU
	EndGlobalSection
	GlobalSection(ProjectConfigurationPlatforms) = postSolution
		{792BF2BF-FEEB-4528-9912-7134B5B49627}.Debug|Any CPU.ActiveCfg = Debug|Any CPU
		{792BF2BF-FEEB-4528-9912-7134B5B49627}.Debug|Any CPU.Build.0 = Debug|Any CPU
		{792BF2BF-FEEB-4528-9912-7134B5B49627}.Release|Any CPU.ActiveCfg = Release|Any CPU
		{792BF2BF-FEEB-4528-9912-7134B5B49627}.Release|Any CPU.Build.0 = Release|Any CPU
		{1C589CCF-6FC5-47FD-A01F-7251F5CAF7F5}.Debug|Any CPU.ActiveCfg = Debug|Any CPU
		{1C589CCF-6FC5-47FD-A01F-7251F5CAF7F5}.Debug|Any CPU.Build.0 = Debug|Any CPU
		{1C589CCF-6FC5-47FD-A01F-7251F5CAF7F5}.Release|Any CPU.ActiveCfg = Release|Any CPU
		{1C589CCF-6FC5-47FD-A01F-7251F5CAF7F5}.Release|Any CPU.Build.0 = Release|Any CPU
		{38030276-24C8-48E8-B728-2DACEF06EFFA}.Debug|Any CPU.ActiveCfg = Debug|Any CPU
		{38030276-24C8-48E8-B728-2DACEF06EFFA}.Debug|Any CPU.Build.0 = Debug|Any CPU
		{38030276-24C8-48E8-B728-2DACEF06EFFA}.Release|Any CPU.ActiveCfg = Release|Any CPU
		{38030276-24C8-48E8-B728-2DACEF06EFFA}.Release|Any CPU.Build.0 = Release|Any CPU
	EndGlobalSection
	GlobalSection(SolutionProperties) = preSolution
		HideSolutionNode = FALSE
	EndGlobalSection
	GlobalSection(ExtensibilityGlobals) = postSolution
		SolutionGuid = {FE139ACF-9B9F-420A-B8E1-0A7BD04DC54E}
	EndGlobalSection
EndGlobal
